
Microsoft Visual Studio Solution File, Format Version 12.00
# Visual Studio 15
VisualStudioVersion = 15.0.26403.7
MinimumVisualStudioVersion = 10.0.40219.1
Project("{9A19103F-16F7-4668-BE54-9A1E7A4F7556}") = "Unicode", "unicode\Unicode.csproj", "{DB0E81E7-7E0C-43AB-AF7D-326D3311B0BE}"
EndProject
Project("{9A19103F-16F7-4668-BE54-9A1E7A4F7556}") = "UnicodeTests", "tests\UnicodeTests.csproj", "{CE1D1A23-76BB-4A3A-B5B7-D9764DF9AB27}"
EndProject
Global
	GlobalSection(SolutionConfigurationPlatforms) = preSolution
		Debug|Any CPU = Debug|Any CPU
		Release|Any CPU = Release|Any CPU
	EndGlobalSection
	GlobalSection(ProjectConfigurationPlatforms) = postSolution
		{DB0E81E7-7E0C-43AB-AF7D-326D3311B0BE}.Debug|Any CPU.ActiveCfg = Debug|Any CPU
		{DB0E81E7-7E0C-43AB-AF7D-326D3311B0BE}.Debug|Any CPU.Build.0 = Debug|Any CPU
		{DB0E81E7-7E0C-43AB-AF7D-326D3311B0BE}.Release|Any CPU.ActiveCfg = Release|Any CPU
		{DB0E81E7-7E0C-43AB-AF7D-326D3311B0BE}.Release|Any CPU.Build.0 = Release|Any CPU
		{CE1D1A23-76BB-4A3A-B5B7-D9764DF9AB27}.Debug|Any CPU.ActiveCfg = Debug|Any CPU
		{CE1D1A23-76BB-4A3A-B5B7-D9764DF9AB27}.Debug|Any CPU.Build.0 = Debug|Any CPU
		{CE1D1A23-76BB-4A3A-B5B7-D9764DF9AB27}.Release|Any CPU.ActiveCfg = Release|Any CPU
		{CE1D1A23-76BB-4A3A-B5B7-D9764DF9AB27}.Release|Any CPU.Build.0 = Release|Any CPU
	EndGlobalSection
	GlobalSection(SolutionProperties) = preSolution
		HideSolutionNode = FALSE
	EndGlobalSection
EndGlobal
