
Microsoft Visual Studio Solution File, Format Version 12.00
# Visual Studio Version 16
VisualStudioVersion = 16.0.30803.129
MinimumVisualStudioVersion = 10.0.40219.1
Project("{9A19103F-16F7-4668-BE54-9A1E7A4F7556}") = "Unicode", "unicode\Unicode.csproj", "{DB0E81E7-7E0C-43AB-AF7D-326D3311B0BE}"
EndProject
Project("{9A19103F-16F7-4668-BE54-9A1E7A4F7556}") = "UnicodeTests", "tests\UnicodeTests.csproj", "{CE1D1A23-76BB-4A3A-B5B7-D9764DF9AB27}"
EndProject
Project("{2150E333-8FDC-42A3-9474-1A3956D46DE8}") = "Solution Items", "Solution Items", "{31EE0894-43DF-40CE-92B3-9506B2396E73}"
	ProjectSection(SolutionItems) = preProject
		.editorconfig = .editorconfig
	EndProjectSection
EndProject
Project("{FAE04EC0-301F-11D3-BF4B-00C04F79EFBC}") = "Benchmarks", "Benchmarks\Benchmarks.csproj", "{92271B32-93E9-4BAF-9699-ED1940ABB000}"
	ProjectSection(ProjectDependencies) = postProject
		{DB0E81E7-7E0C-43AB-AF7D-326D3311B0BE} = {DB0E81E7-7E0C-43AB-AF7D-326D3311B0BE}
	EndProjectSection
EndProject
Global
	GlobalSection(SolutionConfigurationPlatforms) = preSolution
		Debug|Any CPU = Debug|Any CPU
		Release|Any CPU = Release|Any CPU
	EndGlobalSection
	GlobalSection(ProjectConfigurationPlatforms) = postSolution
		{DB0E81E7-7E0C-43AB-AF7D-326D3311B0BE}.Debug|Any CPU.ActiveCfg = Debug|Any CPU
		{DB0E81E7-7E0C-43AB-AF7D-326D3311B0BE}.Debug|Any CPU.Build.0 = Debug|Any CPU
		{DB0E81E7-7E0C-43AB-AF7D-326D3311B0BE}.Release|Any CPU.ActiveCfg = Release|Any CPU
		{DB0E81E7-7E0C-43AB-AF7D-326D3311B0BE}.Release|Any CPU.Build.0 = Release|Any CPU
		{CE1D1A23-76BB-4A3A-B5B7-D9764DF9AB27}.Debug|Any CPU.ActiveCfg = Debug|Any CPU
		{CE1D1A23-76BB-4A3A-B5B7-D9764DF9AB27}.Debug|Any CPU.Build.0 = Debug|Any CPU
		{CE1D1A23-76BB-4A3A-B5B7-D9764DF9AB27}.Release|Any CPU.ActiveCfg = Release|Any CPU
		{CE1D1A23-76BB-4A3A-B5B7-D9764DF9AB27}.Release|Any CPU.Build.0 = Release|Any CPU
		{92271B32-93E9-4BAF-9699-ED1940ABB000}.Debug|Any CPU.ActiveCfg = Debug|Any CPU
		{92271B32-93E9-4BAF-9699-ED1940ABB000}.Debug|Any CPU.Build.0 = Debug|Any CPU
		{92271B32-93E9-4BAF-9699-ED1940ABB000}.Release|Any CPU.ActiveCfg = Release|Any CPU
		{92271B32-93E9-4BAF-9699-ED1940ABB000}.Release|Any CPU.Build.0 = Release|Any CPU
	EndGlobalSection
	GlobalSection(SolutionProperties) = preSolution
		HideSolutionNode = FALSE
	EndGlobalSection
	GlobalSection(ExtensibilityGlobals) = postSolution
		SolutionGuid = {83F61F19-7573-4279-8268-F1C0D63F5A00}
	EndGlobalSection
EndGlobal
